{
  "nodes": {
    "crane": {
      "locked": {
        "lastModified": 1776479158,
        "narHash": "sha256-P7TLDtRgAxmo0Bdw8fkJrrBpX/8/WhO6Bm/uCfl6jXY=",
        "owner": "ipetkov",
        "repo": "crane",
        "rev": "3fbd73bdd9eb572209fdf094abad19d9b6d147b4",
        "type": "github"
      },
      "original": {
        "owner": "ipetkov",
        "repo": "crane",
        "type": "github"
      }
    },
    "nix-darwin": {
      "inputs": {
        "nixpkgs": [
          "nixpkgs"
        ]
      },
      "locked": {
        "lastModified": 1784123936,
        "narHash": "sha256-IOWwQMJhUxcojm0MRvuKs1fKLH727u4+hHeEOPhdUyA=",
        "owner": "nix-darwin",
        "repo": "nix-darwin",
        "rev": "a4cf1d10853b0d2be19b9eca35d749e201d70b55",
        "type": "github"
      },
      "original": {
        "owner": "nix-darwin",
        "repo": "nix-darwin",
        "type": "github"
      }
    },
    "nixpkgs": {
      "locked": {
        "lastModified": 1782918843,
        "narHash": "sha256-ETYnV9U7Sr+A45dohzZdfCZKOss4qrTkO+wgNZNvEc0=",
        "owner": "NixOS",
        "repo": "nixpkgs",
        "rev": "e8273b29fe1390ec8d4603f2477357555291432e",
        "type": "github"
      },
      "original": {
        "owner": "NixOS",
        "ref": "nixpkgs-unstable",
        "repo": "nixpkgs",
        "type": "github"
      }
    },
    "root": {
      "inputs": {
        "nix-darwin": "nix-darwin",
        "nixpkgs": "nixpkgs",
        "tincr": "tincr"
      }
    },
    "tincr": {
      "inputs": {
        "crane": "crane",
        "nixpkgs": [
          "nixpkgs"
        ],
        "treefmt-nix": "treefmt-nix"
      },
      "locked": {
        "lastModified": 1784184013,
        "narHash": "sha256-dBAa5OakabEi5AZ1M1i1ZuURBi9xlNC1+hvKo4Zx4SY=",
        "owner": "Mic92",
        "repo": "tincr",
        "rev": "343eab8084557f8403a6ca74d2df51c72428042f",
        "type": "github"
      },
      "original": {
        "owner": "Mic92",
        "repo": "tincr",
        "type": "github"
      }
    },
    "treefmt-nix": {
      "inputs": {
        "nixpkgs": [
          "tincr",
          "nixpkgs"
        ]
      },
      "locked": {
        "lastModified": 1773297127,
        "narHash": "sha256-6E/yhXP7Oy/NbXtf1ktzmU8SdVqJQ09HC/48ebEGBpk=",
        "owner": "numtide",
        "repo": "treefmt-nix",
        "rev": "71b125cd05fbfd78cab3e070b73544abe24c5016",
        "type": "github"
      },
      "original": {
        "owner": "numtide",
        "repo": "treefmt-nix",
        "type": "github"
      }
    }
  },
  "root": "root",
  "version": 7
}
